
Microsoft Visual Studio Solution File, Format Version 12.00
# Visual Studio Version 17
VisualStudioVersion = 17.2.32526.322
MinimumVisualStudioVersion = 10.0.40219.1
Project("{FAE04EC0-301F-11D3-BF4B-00C04F79EFBC}") = "Pz_6_Zalozny_Dmitry_2pk1", "Pz_6_Zalozny_Dmitry_2pk1\Pz_6_Zalozny_Dmitry_2pk1.csproj", "{704EFA61-01ED-4667-B913-B4A9FC9D019B}"
EndProject
Global
	GlobalSection(SolutionConfigurationPlatforms) = preSolution
		Debug|Any CPU = Debug|Any CPU
		Release|Any CPU = Release|Any CPU
	EndGlobalSection
	GlobalSection(ProjectConfigurationPlatforms) = postSolution
		{704EFA61-01ED-4667-B913-B4A9FC9D019B}.Debug|Any CPU.ActiveCfg = Debug|Any CPU
		{704EFA61-01ED-4667-B913-B4A9FC9D019B}.Debug|Any CPU.Build.0 = Debug|Any CPU
		{704EFA61-01ED-4667-B913-B4A9FC9D019B}.Release|Any CPU.ActiveCfg = Release|Any CPU
		{704EFA61-01ED-4667-B913-B4A9FC9D019B}.Release|Any CPU.Build.0 = Release|Any CPU
	EndGlobalSection
	GlobalSection(SolutionProperties) = preSolution
		HideSolutionNode = FALSE
	EndGlobalSection
	GlobalSection(ExtensibilityGlobals) = postSolution
		SolutionGuid = {4C83D335-F871-4E19-AA0C-B4F4B5E76CDD}
	EndGlobalSection
EndGlobal
